
Microsoft Visual Studio Solution File, Format Version 12.00
# Visual Studio 15
VisualStudioVersion = 15.0.26430.16
MinimumVisualStudioVersion = 10.0.40219.1
Project("{FAE04EC0-301F-11D3-BF4B-00C04F79EFBC}") = "MoneyTrackingSpreadsheetManager", "MoneyTrackingSpreadsheetManager\MoneyTrackingSpreadsheetManager.csproj", "{D73DB6BE-A36D-4866-8F92-448167E3B350}"
EndProject
Project("{FAE04EC0-301F-11D3-BF4B-00C04F79EFBC}") = "MTSUserInterface", "MTSUserInterface\MTSUserInterface.csproj", "{AE26336B-C472-460C-8697-10DF2C165EB4}"
EndProject
Global
	GlobalSection(SolutionConfigurationPlatforms) = preSolution
		Debug|Any CPU = Debug|Any CPU
		Release|Any CPU = Release|Any CPU
	EndGlobalSection
	GlobalSection(ProjectConfigurationPlatforms) = postSolution
		{D73DB6BE-A36D-4866-8F92-448167E3B350}.Debug|Any CPU.ActiveCfg = Debug|Any CPU
		{D73DB6BE-A36D-4866-8F92-448167E3B350}.Debug|Any CPU.Build.0 = Debug|Any CPU
		{D73DB6BE-A36D-4866-8F92-448167E3B350}.Release|Any CPU.ActiveCfg = Release|Any CPU
		{D73DB6BE-A36D-4866-8F92-448167E3B350}.Release|Any CPU.Build.0 = Release|Any CPU
		{AE26336B-C472-460C-8697-10DF2C165EB4}.Debug|Any CPU.ActiveCfg = Debug|Any CPU
		{AE26336B-C472-460C-8697-10DF2C165EB4}.Debug|Any CPU.Build.0 = Debug|Any CPU
		{AE26336B-C472-460C-8697-10DF2C165EB4}.Release|Any CPU.ActiveCfg = Release|Any CPU
		{AE26336B-C472-460C-8697-10DF2C165EB4}.Release|Any CPU.Build.0 = Release|Any CPU
	EndGlobalSection
	GlobalSection(SolutionProperties) = preSolution
		HideSolutionNode = FALSE
	EndGlobalSection
EndGlobal
